
Microsoft Visual Studio Solution File, Format Version 12.00
# Visual Studio Version 17
VisualStudioVersion = 17.14.36623.8 d17.14
MinimumVisualStudioVersion = 10.0.40219.1
Project("{FAE04EC0-301F-11D3-BF4B-00C04F79EFBC}") = "WebApplication1151", "WebApplication1151.csproj", "{97B82DCC-1E3A-48C6-8688-FEF470454DEA}"
EndProject
Global
	GlobalSection(SolutionConfigurationPlatforms) = preSolution
		Debug|Any CPU = Debug|Any CPU
		Release|Any CPU = Release|Any CPU
	EndGlobalSection
	GlobalSection(ProjectConfigurationPlatforms) = postSolution
		{97B82DCC-1E3A-48C6-8688-FEF470454DEA}.Debug|Any CPU.ActiveCfg = Debug|Any CPU
		{97B82DCC-1E3A-48C6-8688-FEF470454DEA}.Debug|Any CPU.Build.0 = Debug|Any CPU
		{97B82DCC-1E3A-48C6-8688-FEF470454DEA}.Release|Any CPU.ActiveCfg = Release|Any CPU
		{97B82DCC-1E3A-48C6-8688-FEF470454DEA}.Release|Any CPU.Build.0 = Release|Any CPU
	EndGlobalSection
	GlobalSection(SolutionProperties) = preSolution
		HideSolutionNode = FALSE
	EndGlobalSection
	GlobalSection(ExtensibilityGlobals) = postSolution
		SolutionGuid = {5EA4B959-2DEC-498B-BBF2-6E959D4E10E9}
	EndGlobalSection
EndGlobal
